
Microsoft Visual Studio Solution File, Format Version 12.00
# Visual Studio Version 17
VisualStudioVersion = 17.4.33213.308
MinimumVisualStudioVersion = 10.0.40219.1
Project("{FAE04EC0-301F-11D3-BF4B-00C04F79EFBC}") = "ProyectoQ10", "ProyectoQ10\ProyectoQ10.csproj", "{080B2254-8D63-4FF6-BB17-626F260D742F}"
EndProject
Global
	GlobalSection(SolutionConfigurationPlatforms) = preSolution
		Debug|Any CPU = Debug|Any CPU
		Release|Any CPU = Release|Any CPU
	EndGlobalSection
	GlobalSection(ProjectConfigurationPlatforms) = postSolution
		{080B2254-8D63-4FF6-BB17-626F260D742F}.Debug|Any CPU.ActiveCfg = Debug|Any CPU
		{080B2254-8D63-4FF6-BB17-626F260D742F}.Debug|Any CPU.Build.0 = Debug|Any CPU
		{080B2254-8D63-4FF6-BB17-626F260D742F}.Release|Any CPU.ActiveCfg = Release|Any CPU
		{080B2254-8D63-4FF6-BB17-626F260D742F}.Release|Any CPU.Build.0 = Release|Any CPU
	EndGlobalSection
	GlobalSection(SolutionProperties) = preSolution
		HideSolutionNode = FALSE
	EndGlobalSection
	GlobalSection(ExtensibilityGlobals) = postSolution
		SolutionGuid = {8BF475AA-94DA-4339-A0BE-E25B75696247}
	EndGlobalSection
EndGlobal
